
Microsoft Visual Studio Solution File, Format Version 12.00
# Visual Studio Version 16
VisualStudioVersion = 16.0.33529.622
MinimumVisualStudioVersion = 10.0.40219.1
Project("{FAE04EC0-301F-11D3-BF4B-00C04F79EFBC}") = "reschanger", "reschanger\reschanger.csproj", "{2A192BB3-D6E0-43D6-8ACB-031F4C5973CD}"
EndProject
Global
	GlobalSection(SolutionConfigurationPlatforms) = preSolution
		Debug|Any CPU = Debug|Any CPU
		Release|Any CPU = Release|Any CPU
	EndGlobalSection
	GlobalSection(ProjectConfigurationPlatforms) = postSolution
		{2A192BB3-D6E0-43D6-8ACB-031F4C5973CD}.Debug|Any CPU.ActiveCfg = Debug|Any CPU
		{2A192BB3-D6E0-43D6-8ACB-031F4C5973CD}.Debug|Any CPU.Build.0 = Debug|Any CPU
		{2A192BB3-D6E0-43D6-8ACB-031F4C5973CD}.Release|Any CPU.ActiveCfg = Release|Any CPU
		{2A192BB3-D6E0-43D6-8ACB-031F4C5973CD}.Release|Any CPU.Build.0 = Release|Any CPU
	EndGlobalSection
	GlobalSection(SolutionProperties) = preSolution
		HideSolutionNode = FALSE
	EndGlobalSection
	GlobalSection(ExtensibilityGlobals) = postSolution
		SolutionGuid = {C8FB3150-D2E0-4C71-8E68-2119BB2592B2}
	EndGlobalSection
EndGlobal
